// !$*UTF8*$!
{
	archiveVersion = 1;
	classes = {
	};
	objectVersion = 55;
	objects = {

/* Begin PBXBuildFile section */
		302AB7DC279CAF2E00BFF73F /* BankingAppUIApp.swift in Sources */ = {isa = PBXBuildFile; fileRef = 302AB7DB279CAF2E00BFF73F /* BankingAppUIApp.swift */; };
		302AB7DE279CAF2E00BFF73F /* ContentView.swift in Sources */ = {isa = PBXBuildFile; fileRef = 302AB7DD279CAF2E00BFF73F /* ContentView.swift */; };
		302AB7E0279CAF3000BFF73F /* Assets.xcassets in Resources */ = {isa = PBXBuildFile; fileRef = 302AB7DF279CAF3000BFF73F /* Assets.xcassets */; };
		302AB7E3279CAF3000BFF73F /* Preview Assets.xcassets in Resources */ = {isa = PBXBuildFile; fileRef = 302AB7E2279CAF3000BFF73F /* Preview Assets.xcassets */; };
		302AB7ED279CAFBF00BFF73F /* Home.swift in Sources */ = {isa = PBXBuildFile; fileRef = 302AB7EC279CAFBF00BFF73F /* Home.swift */; };
		302AB7EF279CAFD700BFF73F /* ColorGrid.swift in Sources */ = {isa = PBXBuildFile; fileRef = 302AB7EE279CAFD700BFF73F /* ColorGrid.swift */; };
		302AB7F3279CB14800BFF73F /* View+Ext.swift in Sources */ = {isa = PBXBuildFile; fileRef = 302AB7F2279CB14800BFF73F /* View+Ext.swift */; };
		302FD0CB279F3BF500FBD12E /* CustomCorner.swift in Sources */ = {isa = PBXBuildFile; fileRef = 302FD0CA279F3BF500FBD12E /* CustomCorner.swift */; };
		30FFE0A927FFB9FA004A8263 /* MotionObserver.swift in Sources */ = {isa = PBXBuildFile; fileRef = 30FFE0A827FFB9FA004A8263 /* MotionObserver.swift */; };
/* End PBXBuildFile section */

/* Begin PBXFileReference section */
		302AB7D8279CAF2E00BFF73F /* BankingAppUI.app */ = {isa = PBXFileReference; explicitFileType = wrapper.application; includeInIndex = 0; path = BankingAppUI.app; sourceTree = BUILT_PRODUCTS_DIR; };
		302AB7DB279CAF2E00BFF73F /* BankingAppUIApp.swift */ = {isa = PBXFileReference; lastKnownFileType = sourcecode.swift; path = BankingAppUIApp.swift; sourceTree = "<group>"; };
		302AB7DD279CAF2E00BFF73F /* ContentView.swift */ = {isa = PBXFileReference; lastKnownFileType = sourcecode.swift; path = ContentView.swift; sourceTree = "<group>"; };
		302AB7DF279CAF3000BFF73F /* Assets.xcassets */ = {isa = PBXFileReference; lastKnownFileType = folder.assetcatalog; path = Assets.xcassets; sourceTree = "<group>"; };
		302AB7E2279CAF3000BFF73F /* Preview Assets.xcassets */ = {isa = PBXFileReference; lastKnownFileType = folder.assetcatalog; path = "Preview Assets.xcassets"; sourceTree = "<group>"; };
		302AB7EC279CAFBF00BFF73F /* Home.swift */ = {isa = PBXFileReference; lastKnownFileType = sourcecode.swift; path = Home.swift; sourceTree = "<group>"; };
		302AB7EE279CAFD700BFF73F /* ColorGrid.swift */ = {isa = PBXFileReference; lastKnownFileType = sourcecode.swift; path = ColorGrid.swift; sourceTree = "<group>"; };
		302AB7F2279CB14800BFF73F /* View+Ext.swift */ = {isa = PBXFileReference; lastKnownFileType = sourcecode.swift; path = "View+Ext.swift"; sourceTree = "<group>"; };
		302FD0CA279F3BF500FBD12E /* CustomCorner.swift */ = {isa = PBXFileReference; lastKnownFileType = sourcecode.swift; path = CustomCorner.swift; sourceTree = "<group>"; };
		30FFE0A827FFB9FA004A8263 /* MotionObserver.swift */ = {isa = PBXFileReference; fileEncoding = 4; lastKnownFileType = sourcecode.swift; path = MotionObserver.swift; sourceTree = "<group>"; };
/* End PBXFileReference section */

/* Begin PBXFrameworksBuildPhase section */
		302AB7D5279CAF2E00BFF73F /* Frameworks */ = {
			isa = PBXFrameworksBuildPhase;
			buildActionMask = 2147483647;
			files = (
			);
			runOnlyForDeploymentPostprocessing = 0;
		};
/* End PBXFrameworksBuildPhase section */

/* Begin PBXGroup section */
		302AB7CF279CAF2E00BFF73F = {
			isa = PBXGroup;
			children = (
				302AB7DA279CAF2E00BFF73F /* BankingAppUI */,
				302AB7D9279CAF2E00BFF73F /* Products */,
			);
			sourceTree = "<group>";
		};
		302AB7D9279CAF2E00BFF73F /* Products */ = {
			isa = PBXGroup;
			children = (
				302AB7D8279CAF2E00BFF73F /* BankingAppUI.app */,
			);
			name = Products;
			sourceTree = "<group>";
		};
		302AB7DA279CAF2E00BFF73F /* BankingAppUI */ = {
			isa = PBXGroup;
			children = (
				302AB7DB279CAF2E00BFF73F /* BankingAppUIApp.swift */,
				302AB7EB279CAFB000BFF73F /* ViewModel */,
				302AB7EA279CAFAA00BFF73F /* Model */,
				302AB7E9279CAF5C00BFF73F /* View */,
				302AB7DD279CAF2E00BFF73F /* ContentView.swift */,
				302AB7F1279CB0FF00BFF73F /* Extensions */,
				302AB7DF279CAF3000BFF73F /* Assets.xcassets */,
				302AB7E1279CAF3000BFF73F /* Preview Content */,
			);
			path = BankingAppUI;
			sourceTree = "<group>";
		};
		302AB7E1279CAF3000BFF73F /* Preview Content */ = {
			isa = PBXGroup;
			children = (
				302AB7E2279CAF3000BFF73F /* Preview Assets.xcassets */,
			);
			path = "Preview Content";
			sourceTree = "<group>";
		};
		302AB7E9279CAF5C00BFF73F /* View */ = {
			isa = PBXGroup;
			children = (
				302AB7EC279CAFBF00BFF73F /* Home.swift */,
				302FD0CA279F3BF500FBD12E /* CustomCorner.swift */,
			);
			path = View;
			sourceTree = "<group>";
		};
		302AB7EA279CAFAA00BFF73F /* Model */ = {
			isa = PBXGroup;
			children = (
				302AB7EE279CAFD700BFF73F /* ColorGrid.swift */,
			);
			path = Model;
			sourceTree = "<group>";
		};
		302AB7EB279CAFB000BFF73F /* ViewModel */ = {
			isa = PBXGroup;
			children = (
				30FFE0A827FFB9FA004A8263 /* MotionObserver.swift */,
			);
			path = ViewModel;
			sourceTree = "<group>";
		};
		302AB7F1279CB0FF00BFF73F /* Extensions */ = {
			isa = PBXGroup;
			children = (
				302AB7F2279CB14800BFF73F /* View+Ext.swift */,
			);
			path = Extensions;
			sourceTree = "<group>";
		};
/* End PBXGroup section */

/* Begin PBXNativeTarget section */
		302AB7D7279CAF2E00BFF73F /* BankingAppUI */ = {
			isa = PBXNativeTarget;
			buildConfigurationList = 302AB7E6279CAF3000BFF73F /* Build configuration list for PBXNativeTarget "BankingAppUI" */;
			buildPhases = (
				302AB7D4279CAF2E00BFF73F /* Sources */,
				302AB7D5279CAF2E00BFF73F /* Frameworks */,
				302AB7D6279CAF2E00BFF73F /* Resources */,
			);
			buildRules = (
			);
			dependencies = (
			);
			name = BankingAppUI;
			productName = BankingAppUI;
			productReference = 302AB7D8279CAF2E00BFF73F /* BankingAppUI.app */;
			productType = "com.apple.product-type.application";
		};
/* End PBXNativeTarget section */

/* Begin PBXProject section */
		302AB7D0279CAF2E00BFF73F /* Project object */ = {
			isa = PBXProject;
			attributes = {
				BuildIndependentTargetsInParallel = 1;
				LastSwiftUpdateCheck = 1310;
				LastUpgradeCheck = 1310;
				TargetAttributes = {
					302AB7D7279CAF2E00BFF73F = {
						CreatedOnToolsVersion = 13.1;
					};
				};
			};
			buildConfigurationList = 302AB7D3279CAF2E00BFF73F /* Build configuration list for PBXProject "BankingAppUI" */;
			compatibilityVersion = "Xcode 13.0";
			developmentRegion = en;
			hasScannedForEncodings = 0;
			knownRegions = (
				en,
				Base,
			);
			mainGroup = 302AB7CF279CAF2E00BFF73F;
			productRefGroup = 302AB7D9279CAF2E00BFF73F /* Products */;
			projectDirPath = "";
			projectRoot = "";
			targets = (
				302AB7D7279CAF2E00BFF73F /* BankingAppUI */,
			);
		};
/* End PBXProject section */

/* Begin PBXResourcesBuildPhase section */
		302AB7D6279CAF2E00BFF73F /* Resources */ = {
			isa = PBXResourcesBuildPhase;
			buildActionMask = 2147483647;
			files = (
				302AB7E3279CAF3000BFF73F /* Preview Assets.xcassets in Resources */,
				302AB7E0279CAF3000BFF73F /* Assets.xcassets in Resources */,
			);
			runOnlyForDeploymentPostprocessing = 0;
		};
/* End PBXResourcesBuildPhase section */

/* Begin PBXSourcesBuildPhase section */
		302AB7D4279CAF2E00BFF73F /* Sources */ = {
			isa = PBXSourcesBuildPhase;
			buildActionMask = 2147483647;
			files = (
				302AB7DE279CAF2E00BFF73F /* ContentView.swift in Sources */,
				302AB7ED279CAFBF00BFF73F /* Home.swift in Sources */,
				302AB7F3279CB14800BFF73F /* View+Ext.swift in Sources */,
				30FFE0A927FFB9FA004A8263 /* MotionObserver.swift in Sources */,
				302FD0CB279F3BF500FBD12E /* CustomCorner.swift in Sources */,
				302AB7DC279CAF2E00BFF73F /* BankingAppUIApp.swift in Sources */,
				302AB7EF279CAFD700BFF73F /* ColorGrid.swift in Sources */,
			);
			runOnlyForDeploymentPostprocessing = 0;
		};
/* End PBXSourcesBuildPhase section */

/* Begin XCBuildConfiguration section */
		302AB7E4279CAF3000BFF73F /* Debug */ = {
			isa = XCBuildConfiguration;
			buildSettings = {
				ALWAYS_SEARCH_USER_PATHS = NO;
				CLANG_ANALYZER_NONNULL = YES;
				CLANG_ANALYZER_NUMBER_OBJECT_CONVERSION = YES_AGGRESSIVE;
				CLANG_CXX_LANGUAGE_STANDARD = "gnu++17";
				CLANG_CXX_LIBRARY = "libc++";
				CLANG_ENABLE_MODULES = YES;
				CLANG_ENABLE_OBJC_ARC = YES;
				CLANG_ENABLE_OBJC_WEAK = YES;
				CLANG_WARN_BLOCK_CAPTURE_AUTORELEASING = YES;
				CLANG_WARN_BOOL_CONVERSION = YES;
				CLANG_WARN_COMMA = YES;
				CLANG_WARN_CONSTANT_CONVERSION = YES;
				CLANG_WARN_DEPRECATED_OBJC_IMPLEMENTATIONS = YES;
				CLANG_WARN_DIRECT_OBJC_ISA_USAGE = YES_ERROR;
				CLANG_WARN_DOCUMENTATION_COMMENTS = YES;
				CLANG_WARN_EMPTY_BODY = YES;
				CLANG_WARN_ENUM_CONVERSION = YES;
				CLANG_WARN_INFINITE_RECURSION = YES;
				CLANG_WARN_INT_CONVERSION = YES;
				CLANG_WARN_NON_LITERAL_NULL_CONVERSION = YES;
				CLANG_WARN_OBJC_IMPLICIT_RETAIN_SELF = YES;
				CLANG_WARN_OBJC_LITERAL_CONVERSION = YES;
				CLANG_WARN_OBJC_ROOT_CLASS = YES_ERROR;
				CLANG_WARN_QUOTED_INCLUDE_IN_FRAMEWORK_HEADER = YES;
				CLANG_WARN_RANGE_LOOP_ANALYSIS = YES;
				CLANG_WARN_STRICT_PROTOTYPES = YES;
				CLANG_WARN_SUSPICIOUS_MOVE = YES;
				CLANG_WARN_UNGUARDED_AVAILABILITY = YES_AGGRESSIVE;
				CLANG_WARN_UNREACHABLE_CODE = YES;
				CLANG_WARN__DUPLICATE_METHOD_MATCH = YES;
				COPY_PHASE_STRIP = NO;
				DEBUG_INFORMATION_FORMAT = dwarf;
				ENABLE_STRICT_OBJC_MSGSEND = YES;
				ENABLE_TESTABILITY = YES;
				GCC_C_LANGUAGE_STANDARD = gnu11;
				GCC_DYNAMIC_NO_PIC = NO;
				GCC_NO_COMMON_BLOCKS = YES;
				GCC_OPTIMIZATION_LEVEL = 0;
				GCC_PREPROCESSOR_DEFINITIONS = (
					"DEBUG=1",
					"$(inherited)",
				);
				GCC_WARN_64_TO_32_BIT_CONVERSION = YES;
				GCC_WARN_ABOUT_RETURN_TYPE = YES_ERROR;
				GCC_WARN_UNDECLARED_SELECTOR = YES;
				GCC_WARN_UNINITIALIZED_AUTOS = YES_AGGRESSIVE;
				GCC_WARN_UNUSED_FUNCTION = YES;
				GCC_WARN_UNUSED_VARIABLE = YES;
				IPHONEOS_DEPLOYMENT_TARGET = 15.0;
				MTL_ENABLE_DEBUG_INFO = INCLUDE_SOURCE;
				MTL_FAST_MATH = YES;
				ONLY_ACTIVE_ARCH = YES;
				SDKROOT = iphoneos;
				SWIFT_ACTIVE_COMPILATION_CONDITIONS = DEBUG;
				SWIFT_OPTIMIZATION_LEVEL = "-Onone";
			};
			name = Debug;
		};
		302AB7E5279CAF3000BFF73F /* Release */ = {
			isa = XCBuildConfiguration;
			buildSettings = {
				ALWAYS_SEARCH_USER_PATHS = NO;
				CLANG_ANALYZER_NONNULL = YES;
				CLANG_ANALYZER_NUMBER_OBJECT_CONVERSION = YES_AGGRESSIVE;
				CLANG_CXX_LANGUAGE_STANDARD = "gnu++17";
				CLANG_CXX_LIBRARY = "libc++";
				CLANG_ENABLE_MODULES = YES;
				CLANG_ENABLE_OBJC_ARC = YES;
				CLANG_ENABLE_OBJC_WEAK = YES;
				CLANG_WARN_BLOCK_CAPTURE_AUTORELEASING = YES;
				CLANG_WARN_BOOL_CONVERSION = YES;
				CLANG_WARN_COMMA = YES;
				CLANG_WARN_CONSTANT_CONVERSION = YES;
				CLANG_WARN_DEPRECATED_OBJC_IMPLEMENTATIONS = YES;
				CLANG_WARN_DIRECT_OBJC_ISA_USAGE = YES_ERROR;
				CLANG_WARN_DOCUMENTATION_COMMENTS = YES;
				CLANG_WARN_EMPTY_BODY = YES;
				CLANG_WARN_ENUM_CONVERSION = YES;
				CLANG_WARN_INFINITE_RECURSION = YES;
				CLANG_WARN_INT_CONVERSION = YES;
				CLANG_WARN_NON_LITERAL_NULL_CONVERSION = YES;
				CLANG_WARN_OBJC_IMPLICIT_RETAIN_SELF = YES;
				CLANG_WARN_OBJC_LITERAL_CONVERSION = YES;
				CLANG_WARN_OBJC_ROOT_CLASS = YES_ERROR;
				CLANG_WARN_QUOTED_INCLUDE_IN_FRAMEWORK_HEADER = YES;
				CLANG_WARN_RANGE_LOOP_ANALYSIS = YES;
				CLANG_WARN_STRICT_PROTOTYPES = YES;
				CLANG_WARN_SUSPICIOUS_MOVE = YES;
				CLANG_WARN_UNGUARDED_AVAILABILITY = YES_AGGRESSIVE;
				CLANG_WARN_UNREACHABLE_CODE = YES;
				CLANG_WARN__DUPLICATE_METHOD_MATCH = YES;
				COPY_PHASE_STRIP = NO;
				DEBUG_INFORMATION_FORMAT = "dwarf-with-dsym";
				ENABLE_NS_ASSERTIONS = NO;
				ENABLE_STRICT_OBJC_MSGSEND = YES;
				GCC_C_LANGUAGE_STANDARD = gnu11;
				GCC_NO_COMMON_BLOCKS = YES;
				GCC_WARN_64_TO_32_BIT_CONVERSION = YES;
				GCC_WARN_ABOUT_RETURN_TYPE = YES_ERROR;
				GCC_WARN_UNDECLARED_SELECTOR = YES;
				GCC_WARN_UNINITIALIZED_AUTOS = YES_AGGRESSIVE;
				GCC_WARN_UNUSED_FUNCTION = YES;
				GCC_WARN_UNUSED_VARIABLE = YES;
				IPHONEOS_DEPLOYMENT_TARGET = 15.0;
				MTL_ENABLE_DEBUG_INFO = NO;
				MTL_FAST_MATH = YES;
				SDKROOT = iphoneos;
				SWIFT_COMPILATION_MODE = wholemodule;
				SWIFT_OPTIMIZATION_LEVEL = "-O";
				VALIDATE_PRODUCT = YES;
			};
			name = Release;
		};
		302AB7E7279CAF3000BFF73F /* Debug */ = {
			isa = XCBuildConfiguration;
			buildSettings = {
				ASSETCATALOG_COMPILER_APPICON_NAME = AppIcon;
				ASSETCATALOG_COMPILER_GLOBAL_ACCENT_COLOR_NAME = AccentColor;
				CODE_SIGN_STYLE = Automatic;
				CURRENT_PROJECT_VERSION = 1;
				DEVELOPMENT_ASSET_PATHS = "\"BankingAppUI/Preview Content\"";
				DEVELOPMENT_TEAM = N4Y99Y6PT4;
				ENABLE_PREVIEWS = YES;
				GENERATE_INFOPLIST_FILE = YES;
				INFOPLIST_KEY_UIApplicationSceneManifest_Generation = YES;
				INFOPLIST_KEY_UIApplicationSupportsIndirectInputEvents = YES;
				INFOPLIST_KEY_UILaunchScreen_Generation = YES;
				INFOPLIST_KEY_UISupportedInterfaceOrientations_iPad = "UIInterfaceOrientationPortrait UIInterfaceOrientationPortraitUpsideDown UIInterfaceOrientationLandscapeLeft UIInterfaceOrientationLandscapeRight";
				INFOPLIST_KEY_UISupportedInterfaceOrientations_iPhone = "UIInterfaceOrientationPortrait UIInterfaceOrientationLandscapeLeft UIInterfaceOrientationLandscapeRight";
				LD_RUNPATH_SEARCH_PATHS = (
					"$(inherited)",
					"@executable_path/Frameworks",
				);
				MARKETING_VERSION = 1.0;
				PRODUCT_BUNDLE_IDENTIFIER = com.AliAghamirbabei.BankingAppUI;
				PRODUCT_NAME = "$(TARGET_NAME)";
				SWIFT_EMIT_LOC_STRINGS = YES;
				SWIFT_VERSION = 5.0;
				TARGETED_DEVICE_FAMILY = "1,2";
			};
			name = Debug;
		};
		302AB7E8279CAF3000BFF73F /* Release */ = {
			isa = XCBuildConfiguration;
			buildSettings = {
				ASSETCATALOG_COMPILER_APPICON_NAME = AppIcon;
				ASSETCATALOG_COMPILER_GLOBAL_ACCENT_COLOR_NAME = AccentColor;
				CODE_SIGN_STYLE = Automatic;
				CURRENT_PROJECT_VERSION = 1;
				DEVELOPMENT_ASSET_PATHS = "\"BankingAppUI/Preview Content\"";
				DEVELOPMENT_TEAM = N4Y99Y6PT4;
				ENABLE_PREVIEWS = YES;
				GENERATE_INFOPLIST_FILE = YES;
				INFOPLIST_KEY_UIApplicationSceneManifest_Generation = YES;
				INFOPLIST_KEY_UIApplicationSupportsIndirectInputEvents = YES;
				INFOPLIST_KEY_UILaunchScreen_Generation = YES;
				INFOPLIST_KEY_UISupportedInterfaceOrientations_iPad = "UIInterfaceOrientationPortrait UIInterfaceOrientationPortraitUpsideDown UIInterfaceOrientationLandscapeLeft UIInterfaceOrientationLandscapeRight";
				INFOPLIST_KEY_UISupportedInterfaceOrientations_iPhone = "UIInterfaceOrientationPortrait UIInterfaceOrientationLandscapeLeft UIInterfaceOrientationLandscapeRight";
				LD_RUNPATH_SEARCH_PATHS = (
					"$(inherited)",
					"@executable_path/Frameworks",
				);
				MARKETING_VERSION = 1.0;
				PRODUCT_BUNDLE_IDENTIFIER = com.AliAghamirbabei.BankingAppUI;
				PRODUCT_NAME = "$(TARGET_NAME)";
				SWIFT_EMIT_LOC_STRINGS = YES;
				SWIFT_VERSION = 5.0;
				TARGETED_DEVICE_FAMILY = "1,2";
			};
			name = Release;
		};
/* End XCBuildConfiguration section */

/* Begin XCConfigurationList section */
		302AB7D3279CAF2E00BFF73F /* Build configuration list for PBXProject "BankingAppUI" */ = {
			isa = XCConfigurationList;
			buildConfigurations = (
				302AB7E4279CAF3000BFF73F /* Debug */,
				302AB7E5279CAF3000BFF73F /* Release */,
			);
			defaultConfigurationIsVisible = 0;
			defaultConfigurationName = Release;
		};
		302AB7E6279CAF3000BFF73F /* Build configuration list for PBXNativeTarget "BankingAppUI" */ = {
			isa = XCConfigurationList;
			buildConfigurations = (
				302AB7E7279CAF3000BFF73F /* Debug */,
				302AB7E8279CAF3000BFF73F /* Release */,
			);
			defaultConfigurationIsVisible = 0;
			defaultConfigurationName = Release;
		};
/* End XCConfigurationList section */
	};
	rootObject = 302AB7D0279CAF2E00BFF73F /* Project object */;
}
